// !$*UTF8*$!
{
	archiveVersion = 1;
	classes = {
	};
	objectVersion = 77;
	objects = {

/* Begin PBXContainerItemProxy section */
		2566E5E42F4E3D6E000AB711 /* PBXContainerItemProxy */ = {
			isa = PBXContainerItemProxy;
			containerPortal = 2566E5C62F4E3D6A000AB711 /* Project object */;
			proxyType = 1;
			remoteGlobalIDString = 2566E5CD2F4E3D6A000AB711;
			remoteInfo = "Soul Fragments";
		};
		2566E5EE2F4E3D6F000AB711 /* PBXContainerItemProxy */ = {
			isa = PBXContainerItemProxy;
			containerPortal = 2566E5C62F4E3D6A000AB711 /* Project object */;
			proxyType = 1;
			remoteGlobalIDString = 2566E5CD2F4E3D6A000AB711;
			remoteInfo = "Soul Fragments";
		};
/* End PBXContainerItemProxy section */

/* Begin PBXFileReference section */
		2566E5CE2F4E3D6A000AB711 /* Soul Fragments.app */ = {isa = PBXFileReference; explicitFileType = wrapper.application; includeInIndex = 0; path = "Soul Fragments.app"; sourceTree = BUILT_PRODUCTS_DIR; };
		2566E5E32F4E3D6E000AB711 /* Soul FragmentsTests.xctest */ = {isa = PBXFileReference; explicitFileType = wrapper.cfbundle; includeInIndex = 0; path = "Soul FragmentsTests.xctest"; sourceTree = BUILT_PRODUCTS_DIR; };
		2566E5ED2F4E3D6F000AB711 /* Soul FragmentsUITests.xctest */ = {isa = PBXFileReference; explicitFileType = wrapper.cfbundle; includeInIndex = 0; path = "Soul FragmentsUITests.xctest"; sourceTree = BUILT_PRODUCTS_DIR; };
/* End PBXFileReference section */

/* Begin PBXFileSystemSynchronizedRootGroup section */
		2566E5D02F4E3D6A000AB711 /* Soul Fragments */ = {
			isa = PBXFileSystemSynchronizedRootGroup;
			path = "Soul Fragments";
			sourceTree = "<group>";
		};
		2566E5E62F4E3D6F000AB711 /* Soul FragmentsTests */ = {
			isa = PBXFileSystemSynchronizedRootGroup;
			path = "Soul FragmentsTests";
			sourceTree = "<group>";
		};
		2566E5F02F4E3D6F000AB711 /* Soul FragmentsUITests */ = {
			isa = PBXFileSystemSynchronizedRootGroup;
			path = "Soul FragmentsUITests";
			sourceTree = "<group>";
		};
/* End PBXFileSystemSynchronizedRootGroup section */

/* Begin PBXFrameworksBuildPhase section */
		2566E5CB2F4E3D6A000AB711 /* Frameworks */ = {
			isa = PBXFrameworksBuildPhase;
			buildActionMask = 2147483647;
			files = (
			);
			runOnlyForDeploymentPostprocessing = 0;
		};
		2566E5E02F4E3D6E000AB711 /* Frameworks */ = {
			isa = PBXFrameworksBuildPhase;
			buildActionMask = 2147483647;
			files = (
			);
			runOnlyForDeploymentPostprocessing = 0;
		};
		2566E5EA2F4E3D6F000AB711 /* Frameworks */ = {
			isa = PBXFrameworksBuildPhase;
			buildActionMask = 2147483647;
			files = (
			);
			runOnlyForDeploymentPostprocessing = 0;
		};
/* End PBXFrameworksBuildPhase section */

/* Begin PBXGroup section */
		2566E5C52F4E3D6A000AB711 = {
			isa = PBXGroup;
			children = (
				2566E5D02F4E3D6A000AB711 /* Soul Fragments */,
				2566E5E62F4E3D6F000AB711 /* Soul FragmentsTests */,
				2566E5F02F4E3D6F000AB711 /* Soul FragmentsUITests */,
				2566E5CF2F4E3D6A000AB711 /* Products */,
			);
			sourceTree = "<group>";
		};
		2566E5CF2F4E3D6A000AB711 /* Products */ = {
			isa = PBXGroup;
			children = (
				2566E5CE2F4E3D6A000AB711 /* Soul Fragments.app */,
				2566E5E32F4E3D6E000AB711 /* Soul FragmentsTests.xctest */,
				2566E5ED2F4E3D6F000AB711 /* Soul FragmentsUITests.xctest */,
			);
			name = Products;
			sourceTree = "<group>";
		};
/* End PBXGroup section */

/* Begin PBXNativeTarget section */
		2566E5CD2F4E3D6A000AB711 /* Soul Fragments */ = {
			isa = PBXNativeTarget;
			buildConfigurationList = 2566E5F72F4E3D6F000AB711 /* Build configuration list for PBXNativeTarget "Soul Fragments" */;
			buildPhases = (
				2566E5CA2F4E3D6A000AB711 /* Sources */,
				2566E5CB2F4E3D6A000AB711 /* Frameworks */,
				2566E5CC2F4E3D6A000AB711 /* Resources */,
			);
			buildRules = (
			);
			dependencies = (
			);
			fileSystemSynchronizedGroups = (
				2566E5D02F4E3D6A000AB711 /* Soul Fragments */,
			);
			name = "Soul Fragments";
			packageProductDependencies = (
			);
			productName = "Soul Fragments";
			productReference = 2566E5CE2F4E3D6A000AB711 /* Soul Fragments.app */;
			productType = "com.apple.product-type.application";
		};
		2566E5E22F4E3D6E000AB711 /* Soul FragmentsTests */ = {
			isa = PBXNativeTarget;
			buildConfigurationList = 2566E5FA2F4E3D6F000AB711 /* Build configuration list for PBXNativeTarget "Soul FragmentsTests" */;
			buildPhases = (
				2566E5DF2F4E3D6E000AB711 /* Sources */,
				2566E5E02F4E3D6E000AB711 /* Frameworks */,
				2566E5E12F4E3D6E000AB711 /* Resources */,
			);
			buildRules = (
			);
			dependencies = (
				2566E5E52F4E3D6E000AB711 /* PBXTargetDependency */,
			);
			fileSystemSynchronizedGroups = (
				2566E5E62F4E3D6F000AB711 /* Soul FragmentsTests */,
			);
			name = "Soul FragmentsTests";
			packageProductDependencies = (
			);
			productName = "Soul FragmentsTests";
			productReference = 2566E5E32F4E3D6E000AB711 /* Soul FragmentsTests.xctest */;
			productType = "com.apple.product-type.bundle.unit-test";
		};
		2566E5EC2F4E3D6F000AB711 /* Soul FragmentsUITests */ = {
			isa = PBXNativeTarget;
			buildConfigurationList = 2566E5FD2F4E3D6F000AB711 /* Build configuration list for PBXNativeTarget "Soul FragmentsUITests" */;
			buildPhases = (
				2566E5E92F4E3D6F000AB711 /* Sources */,
				2566E5EA2F4E3D6F000AB711 /* Frameworks */,
				2566E5EB2F4E3D6F000AB711 /* Resources */,
			);
			buildRules = (
			);
			dependencies = (
				2566E5EF2F4E3D6F000AB711 /* PBXTargetDependency */,
			);
			fileSystemSynchronizedGroups = (
				2566E5F02F4E3D6F000AB711 /* Soul FragmentsUITests */,
			);
			name = "Soul FragmentsUITests";
			packageProductDependencies = (
			);
			productName = "Soul FragmentsUITests";
			productReference = 2566E5ED2F4E3D6F000AB711 /* Soul FragmentsUITests.xctest */;
			productType = "com.apple.product-type.bundle.ui-testing";
		};
/* End PBXNativeTarget section */

/* Begin PBXProject section */
		2566E5C62F4E3D6A000AB711 /* Project object */ = {
			isa = PBXProject;
			attributes = {
				BuildIndependentTargetsInParallel = 1;
				LastSwiftUpdateCheck = 2620;
				LastUpgradeCheck = 2620;
				TargetAttributes = {
					2566E5CD2F4E3D6A000AB711 = {
						CreatedOnToolsVersion = 26.2;
					};
					2566E5E22F4E3D6E000AB711 = {
						CreatedOnToolsVersion = 26.2;
						TestTargetID = 2566E5CD2F4E3D6A000AB711;
					};
					2566E5EC2F4E3D6F000AB711 = {
						CreatedOnToolsVersion = 26.2;
						TestTargetID = 2566E5CD2F4E3D6A000AB711;
					};
				};
			};
			buildConfigurationList = 2566E5C92F4E3D6A000AB711 /* Build configuration list for PBXProject "Soul Fragments" */;
			developmentRegion = en;
			hasScannedForEncodings = 0;
			knownRegions = (
				en,
				Base,
			);
			mainGroup = 2566E5C52F4E3D6A000AB711;
			minimizedProjectReferenceProxies = 1;
			preferredProjectObjectVersion = 77;
			productRefGroup = 2566E5CF2F4E3D6A000AB711 /* Products */;
			projectDirPath = "";
			projectRoot = "";
			targets = (
				2566E5CD2F4E3D6A000AB711 /* Soul Fragments */,
				2566E5E22F4E3D6E000AB711 /* Soul FragmentsTests */,
				2566E5EC2F4E3D6F000AB711 /* Soul FragmentsUITests */,
			);
		};
/* End PBXProject section */

/* Begin PBXResourcesBuildPhase section */
		2566E5CC2F4E3D6A000AB711 /* Resources */ = {
			isa = PBXResourcesBuildPhase;
			buildActionMask = 2147483647;
			files = (
			);
			runOnlyForDeploymentPostprocessing = 0;
		};
		2566E5E12F4E3D6E000AB711 /* Resources */ = {
			isa = PBXResourcesBuildPhase;
			buildActionMask = 2147483647;
			files = (
			);
			runOnlyForDeploymentPostprocessing = 0;
		};
		2566E5EB2F4E3D6F000AB711 /* Resources */ = {
			isa = PBXResourcesBuildPhase;
			buildActionMask = 2147483647;
			files = (
			);
			runOnlyForDeploymentPostprocessing = 0;
		};
/* End PBXResourcesBuildPhase section */

/* Begin PBXSourcesBuildPhase section */
		2566E5CA2F4E3D6A000AB711 /* Sources */ = {
			isa = PBXSourcesBuildPhase;
			buildActionMask = 2147483647;
			files = (
			);
			runOnlyForDeploymentPostprocessing = 0;
		};
		2566E5DF2F4E3D6E000AB711 /* Sources */ = {
			isa = PBXSourcesBuildPhase;
			buildActionMask = 2147483647;
			files = (
			);
			runOnlyForDeploymentPostprocessing = 0;
		};
		2566E5E92F4E3D6F000AB711 /* Sources */ = {
			isa = PBXSourcesBuildPhase;
			buildActionMask = 2147483647;
			files = (
			);
			runOnlyForDeploymentPostprocessing = 0;
		};
/* End PBXSourcesBuildPhase section */

/* Begin PBXTargetDependency section */
		2566E5E52F4E3D6E000AB711 /* PBXTargetDependency */ = {
			isa = PBXTargetDependency;
			target = 2566E5CD2F4E3D6A000AB711 /* Soul Fragments */;
			targetProxy = 2566E5E42F4E3D6E000AB711 /* PBXContainerItemProxy */;
		};
		2566E5EF2F4E3D6F000AB711 /* PBXTargetDependency */ = {
			isa = PBXTargetDependency;
			target = 2566E5CD2F4E3D6A000AB711 /* Soul Fragments */;
			targetProxy = 2566E5EE2F4E3D6F000AB711 /* PBXContainerItemProxy */;
		};
/* End PBXTargetDependency section */

/* Begin XCBuildConfiguration section */
		2566E5F52F4E3D6F000AB711 /* Debug */ = {
			isa = XCBuildConfiguration;
			buildSettings = {
				ALWAYS_SEARCH_USER_PATHS = NO;
				ASSETCATALOG_COMPILER_GENERATE_SWIFT_ASSET_SYMBOL_EXTENSIONS = YES;
				CLANG_ANALYZER_NONNULL = YES;
				CLANG_ANALYZER_NUMBER_OBJECT_CONVERSION = YES_AGGRESSIVE;
				CLANG_CXX_LANGUAGE_STANDARD = "gnu++20";
				CLANG_ENABLE_MODULES = YES;
				CLANG_ENABLE_OBJC_ARC = YES;
				CLANG_ENABLE_OBJC_WEAK = YES;
				CLANG_WARN_BLOCK_CAPTURE_AUTORELEASING = YES;
				CLANG_WARN_BOOL_CONVERSION = YES;
				CLANG_WARN_COMMA = YES;
				CLANG_WARN_CONSTANT_CONVERSION = YES;
				CLANG_WARN_DEPRECATED_OBJC_IMPLEMENTATIONS = YES;
				CLANG_WARN_DIRECT_OBJC_ISA_USAGE = YES_ERROR;
				CLANG_WARN_DOCUMENTATION_COMMENTS = YES;
				CLANG_WARN_EMPTY_BODY = YES;
				CLANG_WARN_ENUM_CONVERSION = YES;
				CLANG_WARN_INFINITE_RECURSION = YES;
				CLANG_WARN_INT_CONVERSION = YES;
				CLANG_WARN_NON_LITERAL_NULL_CONVERSION = YES;
				CLANG_WARN_OBJC_IMPLICIT_RETAIN_SELF = YES;
				CLANG_WARN_OBJC_LITERAL_CONVERSION = YES;
				CLANG_WARN_OBJC_ROOT_CLASS = YES_ERROR;
				CLANG_WARN_QUOTED_INCLUDE_IN_FRAMEWORK_HEADER = YES;
				CLANG_WARN_RANGE_LOOP_ANALYSIS = YES;
				CLANG_WARN_STRICT_PROTOTYPES = YES;
				CLANG_WARN_SUSPICIOUS_MOVE = YES;
				CLANG_WARN_UNGUARDED_AVAILABILITY = YES_AGGRESSIVE;
				CLANG_WARN_UNREACHABLE_CODE = YES;
				CLANG_WARN__DUPLICATE_METHOD_MATCH = YES;
				COPY_PHASE_STRIP = NO;
				DEBUG_INFORMATION_FORMAT = dwarf;
				DEVELOPMENT_TEAM = 9Z7WFFXPW2;
				ENABLE_STRICT_OBJC_MSGSEND = YES;
				ENABLE_TESTABILITY = YES;
				ENABLE_USER_SCRIPT_SANDBOXING = YES;
				GCC_C_LANGUAGE_STANDARD = gnu17;
				GCC_DYNAMIC_NO_PIC = NO;
				GCC_NO_COMMON_BLOCKS = YES;
				GCC_OPTIMIZATION_LEVEL = 0;
				GCC_PREPROCESSOR_DEFINITIONS = (
					"DEBUG=1",
					"$(inherited)",
				);
				GCC_WARN_64_TO_32_BIT_CONVERSION = YES;
				GCC_WARN_ABOUT_RETURN_TYPE = YES_ERROR;
				GCC_WARN_UNDECLARED_SELECTOR = YES;
				GCC_WARN_UNINITIALIZED_AUTOS = YES_AGGRESSIVE;
				GCC_WARN_UNUSED_FUNCTION = YES;
				GCC_WARN_UNUSED_VARIABLE = YES;
				IPHONEOS_DEPLOYMENT_TARGET = 26.2;
				LOCALIZATION_PREFERS_STRING_CATALOGS = YES;
				MTL_ENABLE_DEBUG_INFO = INCLUDE_SOURCE;
				MTL_FAST_MATH = YES;
				ONLY_ACTIVE_ARCH = YES;
				SDKROOT = iphoneos;
				SWIFT_ACTIVE_COMPILATION_CONDITIONS = "DEBUG $(inherited)";
				SWIFT_OPTIMIZATION_LEVEL = "-Onone";
			};
			name = Debug;
		};
		2566E5F62F4E3D6F000AB711 /* Release */ = {
			isa = XCBuildConfiguration;
			buildSettings = {
				ALWAYS_SEARCH_USER_PATHS = NO;
				ASSETCATALOG_COMPILER_GENERATE_SWIFT_ASSET_SYMBOL_EXTENSIONS = YES;
				CLANG_ANALYZER_NONNULL = YES;
				CLANG_ANALYZER_NUMBER_OBJECT_CONVERSION = YES_AGGRESSIVE;
				CLANG_CXX_LANGUAGE_STANDARD = "gnu++20";
				CLANG_ENABLE_MODULES = YES;
				CLANG_ENABLE_OBJC_ARC = YES;
				CLANG_ENABLE_OBJC_WEAK = YES;
				CLANG_WARN_BLOCK_CAPTURE_AUTORELEASING = YES;
				CLANG_WARN_BOOL_CONVERSION = YES;
				CLANG_WARN_COMMA = YES;
				CLANG_WARN_CONSTANT_CONVERSION = YES;
				CLANG_WARN_DEPRECATED_OBJC_IMPLEMENTATIONS = YES;
				CLANG_WARN_DIRECT_OBJC_ISA_USAGE = YES_ERROR;
				CLANG_WARN_DOCUMENTATION_COMMENTS = YES;
				CLANG_WARN_EMPTY_BODY = YES;
				CLANG_WARN_ENUM_CONVERSION = YES;
				CLANG_WARN_INFINITE_RECURSION = YES;
				CLANG_WARN_INT_CONVERSION = YES;
				CLANG_WARN_NON_LITERAL_NULL_CONVERSION = YES;
				CLANG_WARN_OBJC_IMPLICIT_RETAIN_SELF = YES;
				CLANG_WARN_OBJC_LITERAL_CONVERSION = YES;
				CLANG_WARN_OBJC_ROOT_CLASS = YES_ERROR;
				CLANG_WARN_QUOTED_INCLUDE_IN_FRAMEWORK_HEADER = YES;
				CLANG_WARN_RANGE_LOOP_ANALYSIS = YES;
				CLANG_WARN_STRICT_PROTOTYPES = YES;
				CLANG_WARN_SUSPICIOUS_MOVE = YES;
				CLANG_WARN_UNGUARDED_AVAILABILITY = YES_AGGRESSIVE;
				CLANG_WARN_UNREACHABLE_CODE = YES;
				CLANG_WARN__DUPLICATE_METHOD_MATCH = YES;
				COPY_PHASE_STRIP = NO;
				DEBUG_INFORMATION_FORMAT = "dwarf-with-dsym";
				DEVELOPMENT_TEAM = 9Z7WFFXPW2;
				ENABLE_NS_ASSERTIONS = NO;
				ENABLE_STRICT_OBJC_MSGSEND = YES;
				ENABLE_USER_SCRIPT_SANDBOXING = YES;
				GCC_C_LANGUAGE_STANDARD = gnu17;
				GCC_NO_COMMON_BLOCKS = YES;
				GCC_WARN_64_TO_32_BIT_CONVERSION = YES;
				GCC_WARN_ABOUT_RETURN_TYPE = YES_ERROR;
				GCC_WARN_UNDECLARED_SELECTOR = YES;
				GCC_WARN_UNINITIALIZED_AUTOS = YES_AGGRESSIVE;
				GCC_WARN_UNUSED_FUNCTION = YES;
				GCC_WARN_UNUSED_VARIABLE = YES;
				IPHONEOS_DEPLOYMENT_TARGET = 26.2;
				LOCALIZATION_PREFERS_STRING_CATALOGS = YES;
				MTL_ENABLE_DEBUG_INFO = NO;
				MTL_FAST_MATH = YES;
				SDKROOT = iphoneos;
				SWIFT_COMPILATION_MODE = wholemodule;
				VALIDATE_PRODUCT = YES;
			};
			name = Release;
		};
		2566E5F82F4E3D6F000AB711 /* Debug */ = {
			isa = XCBuildConfiguration;
			buildSettings = {
				ASSETCATALOG_COMPILER_APPICON_NAME = AppIcon;
				ASSETCATALOG_COMPILER_GLOBAL_ACCENT_COLOR_NAME = AccentColor;
				CODE_SIGN_STYLE = Automatic;
				CURRENT_PROJECT_VERSION = 1;
				DEVELOPMENT_TEAM = 9Z7WFFXPW2;
				GENERATE_INFOPLIST_FILE = YES;
				INFOPLIST_KEY_UIApplicationSupportsIndirectInputEvents = YES;
				INFOPLIST_KEY_UILaunchStoryboardName = LaunchScreen;
				INFOPLIST_KEY_UIMainStoryboardFile = Main;
				INFOPLIST_KEY_UIStatusBarHidden = YES;
				INFOPLIST_KEY_UISupportedInterfaceOrientations_iPad = "UIInterfaceOrientationPortrait UIInterfaceOrientationPortraitUpsideDown UIInterfaceOrientationLandscapeLeft UIInterfaceOrientationLandscapeRight";
				INFOPLIST_KEY_UISupportedInterfaceOrientations_iPhone = "UIInterfaceOrientationPortrait UIInterfaceOrientationLandscapeLeft UIInterfaceOrientationLandscapeRight";
				LD_RUNPATH_SEARCH_PATHS = (
					"$(inherited)",
					"@executable_path/Frameworks",
				);
				MARKETING_VERSION = 1.0;
				PRODUCT_BUNDLE_IDENTIFIER = "www.visaguide.Soul-Fragments";
				PRODUCT_NAME = "$(TARGET_NAME)";
				STRING_CATALOG_GENERATE_SYMBOLS = YES;
				SWIFT_APPROACHABLE_CONCURRENCY = YES;
				SWIFT_DEFAULT_ACTOR_ISOLATION = MainActor;
				SWIFT_EMIT_LOC_STRINGS = YES;
				SWIFT_UPCOMING_FEATURE_MEMBER_IMPORT_VISIBILITY = YES;
				SWIFT_VERSION = 5.0;
				TARGETED_DEVICE_FAMILY = "1,2";
			};
			name = Debug;
		};
		2566E5F92F4E3D6F000AB711 /* Release */ = {
			isa = XCBuildConfiguration;
			buildSettings = {
				ASSETCATALOG_COMPILER_APPICON_NAME = AppIcon;
				ASSETCATALOG_COMPILER_GLOBAL_ACCENT_COLOR_NAME = AccentColor;
				CODE_SIGN_STYLE = Automatic;
				CURRENT_PROJECT_VERSION = 1;
				DEVELOPMENT_TEAM = 9Z7WFFXPW2;
				GENERATE_INFOPLIST_FILE = YES;
				INFOPLIST_KEY_UIApplicationSupportsIndirectInputEvents = YES;
				INFOPLIST_KEY_UILaunchStoryboardName = LaunchScreen;
				INFOPLIST_KEY_UIMainStoryboardFile = Main;
				INFOPLIST_KEY_UIStatusBarHidden = YES;
				INFOPLIST_KEY_UISupportedInterfaceOrientations_iPad = "UIInterfaceOrientationPortrait UIInterfaceOrientationPortraitUpsideDown UIInterfaceOrientationLandscapeLeft UIInterfaceOrientationLandscapeRight";
				INFOPLIST_KEY_UISupportedInterfaceOrientations_iPhone = "UIInterfaceOrientationPortrait UIInterfaceOrientationLandscapeLeft UIInterfaceOrientationLandscapeRight";
				LD_RUNPATH_SEARCH_PATHS = (
					"$(inherited)",
					"@executable_path/Frameworks",
				);
				MARKETING_VERSION = 1.0;
				PRODUCT_BUNDLE_IDENTIFIER = "www.visaguide.Soul-Fragments";
				PRODUCT_NAME = "$(TARGET_NAME)";
				STRING_CATALOG_GENERATE_SYMBOLS = YES;
				SWIFT_APPROACHABLE_CONCURRENCY = YES;
				SWIFT_DEFAULT_ACTOR_ISOLATION = MainActor;
				SWIFT_EMIT_LOC_STRINGS = YES;
				SWIFT_UPCOMING_FEATURE_MEMBER_IMPORT_VISIBILITY = YES;
				SWIFT_VERSION = 5.0;
				TARGETED_DEVICE_FAMILY = "1,2";
			};
			name = Release;
		};
		2566E5FB2F4E3D6F000AB711 /* Debug */ = {
			isa = XCBuildConfiguration;
			buildSettings = {
				BUNDLE_LOADER = "$(TEST_HOST)";
				CODE_SIGN_STYLE = Automatic;
				CURRENT_PROJECT_VERSION = 1;
				DEVELOPMENT_TEAM = 9Z7WFFXPW2;
				GENERATE_INFOPLIST_FILE = YES;
				IPHONEOS_DEPLOYMENT_TARGET = 26.2;
				MARKETING_VERSION = 1.0;
				PRODUCT_BUNDLE_IDENTIFIER = "www.visaguide.Soul-FragmentsTests";
				PRODUCT_NAME = "$(TARGET_NAME)";
				STRING_CATALOG_GENERATE_SYMBOLS = NO;
				SWIFT_APPROACHABLE_CONCURRENCY = YES;
				SWIFT_EMIT_LOC_STRINGS = NO;
				SWIFT_UPCOMING_FEATURE_MEMBER_IMPORT_VISIBILITY = YES;
				SWIFT_VERSION = 5.0;
				TARGETED_DEVICE_FAMILY = "1,2";
				TEST_HOST = "$(BUILT_PRODUCTS_DIR)/Soul Fragments.app/$(BUNDLE_EXECUTABLE_FOLDER_PATH)/Soul Fragments";
			};
			name = Debug;
		};
		2566E5FC2F4E3D6F000AB711 /* Release */ = {
			isa = XCBuildConfiguration;
			buildSettings = {
				BUNDLE_LOADER = "$(TEST_HOST)";
				CODE_SIGN_STYLE = Automatic;
				CURRENT_PROJECT_VERSION = 1;
				DEVELOPMENT_TEAM = 9Z7WFFXPW2;
				GENERATE_INFOPLIST_FILE = YES;
				IPHONEOS_DEPLOYMENT_TARGET = 26.2;
				MARKETING_VERSION = 1.0;
				PRODUCT_BUNDLE_IDENTIFIER = "www.visaguide.Soul-FragmentsTests";
				PRODUCT_NAME = "$(TARGET_NAME)";
				STRING_CATALOG_GENERATE_SYMBOLS = NO;
				SWIFT_APPROACHABLE_CONCURRENCY = YES;
				SWIFT_EMIT_LOC_STRINGS = NO;
				SWIFT_UPCOMING_FEATURE_MEMBER_IMPORT_VISIBILITY = YES;
				SWIFT_VERSION = 5.0;
				TARGETED_DEVICE_FAMILY = "1,2";
				TEST_HOST = "$(BUILT_PRODUCTS_DIR)/Soul Fragments.app/$(BUNDLE_EXECUTABLE_FOLDER_PATH)/Soul Fragments";
			};
			name = Release;
		};
		2566E5FE2F4E3D6F000AB711 /* Debug */ = {
			isa = XCBuildConfiguration;
			buildSettings = {
				CODE_SIGN_STYLE = Automatic;
				CURRENT_PROJECT_VERSION = 1;
				DEVELOPMENT_TEAM = 9Z7WFFXPW2;
				GENERATE_INFOPLIST_FILE = YES;
				MARKETING_VERSION = 1.0;
				PRODUCT_BUNDLE_IDENTIFIER = "www.visaguide.Soul-FragmentsUITests";
				PRODUCT_NAME = "$(TARGET_NAME)";
				STRING_CATALOG_GENERATE_SYMBOLS = NO;
				SWIFT_APPROACHABLE_CONCURRENCY = YES;
				SWIFT_EMIT_LOC_STRINGS = NO;
				SWIFT_UPCOMING_FEATURE_MEMBER_IMPORT_VISIBILITY = YES;
				SWIFT_VERSION = 5.0;
				TARGETED_DEVICE_FAMILY = "1,2";
				TEST_TARGET_NAME = "Soul Fragments";
			};
			name = Debug;
		};
		2566E5FF2F4E3D6F000AB711 /* Release */ = {
			isa = XCBuildConfiguration;
			buildSettings = {
				CODE_SIGN_STYLE = Automatic;
				CURRENT_PROJECT_VERSION = 1;
				DEVELOPMENT_TEAM = 9Z7WFFXPW2;
				GENERATE_INFOPLIST_FILE = YES;
				MARKETING_VERSION = 1.0;
				PRODUCT_BUNDLE_IDENTIFIER = "www.visaguide.Soul-FragmentsUITests";
				PRODUCT_NAME = "$(TARGET_NAME)";
				STRING_CATALOG_GENERATE_SYMBOLS = NO;
				SWIFT_APPROACHABLE_CONCURRENCY = YES;
				SWIFT_EMIT_LOC_STRINGS = NO;
				SWIFT_UPCOMING_FEATURE_MEMBER_IMPORT_VISIBILITY = YES;
				SWIFT_VERSION = 5.0;
				TARGETED_DEVICE_FAMILY = "1,2";
				TEST_TARGET_NAME = "Soul Fragments";
			};
			name = Release;
		};
/* End XCBuildConfiguration section */

/* Begin XCConfigurationList section */
		2566E5C92F4E3D6A000AB711 /* Build configuration list for PBXProject "Soul Fragments" */ = {
			isa = XCConfigurationList;
			buildConfigurations = (
				2566E5F52F4E3D6F000AB711 /* Debug */,
				2566E5F62F4E3D6F000AB711 /* Release */,
			);
			defaultConfigurationIsVisible = 0;
			defaultConfigurationName = Release;
		};
		2566E5F72F4E3D6F000AB711 /* Build configuration list for PBXNativeTarget "Soul Fragments" */ = {
			isa = XCConfigurationList;
			buildConfigurations = (
				2566E5F82F4E3D6F000AB711 /* Debug */,
				2566E5F92F4E3D6F000AB711 /* Release */,
			);
			defaultConfigurationIsVisible = 0;
			defaultConfigurationName = Release;
		};
		2566E5FA2F4E3D6F000AB711 /* Build configuration list for PBXNativeTarget "Soul FragmentsTests" */ = {
			isa = XCConfigurationList;
			buildConfigurations = (
				2566E5FB2F4E3D6F000AB711 /* Debug */,
				2566E5FC2F4E3D6F000AB711 /* Release */,
			);
			defaultConfigurationIsVisible = 0;
			defaultConfigurationName = Release;
		};
		2566E5FD2F4E3D6F000AB711 /* Build configuration list for PBXNativeTarget "Soul FragmentsUITests" */ = {
			isa = XCConfigurationList;
			buildConfigurations = (
				2566E5FE2F4E3D6F000AB711 /* Debug */,
				2566E5FF2F4E3D6F000AB711 /* Release */,
			);
			defaultConfigurationIsVisible = 0;
			defaultConfigurationName = Release;
		};
/* End XCConfigurationList section */
	};
	rootObject = 2566E5C62F4E3D6A000AB711 /* Project object */;
}
